
Microsoft Visual Studio Solution File, Format Version 12.00
# Visual Studio 14
VisualStudioVersion = 14.0.25420.1
MinimumVisualStudioVersion = 10.0.40219.1
Project("{FAE04EC0-301F-11D3-BF4B-00C04F79EFBC}") = "ServiceLibrary", "ServiceLibrary\ServiceLibrary.csproj", "{72339207-CA2E-4581-BA9C-8E6A6A1052A6}"
EndProject
Project("{FAE04EC0-301F-11D3-BF4B-00C04F79EFBC}") = "Patterns", "MessageLibrary\Patterns.csproj", "{D0ABF979-D32B-453D-92D5-F9BC7BDEC44E}"
EndProject
Project("{FAE04EC0-301F-11D3-BF4B-00C04F79EFBC}") = "SolidWorksLibrary", "SolidWorksLibrary\SolidWorksLibrary.csproj", "{DECC61E0-8D25-485F-99F4-D895177C7997}"
EndProject
Project("{FAE04EC0-301F-11D3-BF4B-00C04F79EFBC}") = "ConsoleServiceHost", "ConsoleServiceHost\ConsoleServiceHost.csproj", "{E02B78CD-91F8-45C9-A3AE-535B3DDDDC82}"
EndProject
Project("{FAE04EC0-301F-11D3-BF4B-00C04F79EFBC}") = "TaskSystemLibrary", "TaskSystemLibrary\TaskSystemLibrary.csproj", "{44EACAB1-6578-4B6A-B743-28D9899A8DA4}"
EndProject
Project("{FAE04EC0-301F-11D3-BF4B-00C04F79EFBC}") = "DataBaseDomian", "DataBaseDomian\DataBaseDomian.csproj", "{6AC06B1C-66F2-40E5-9B11-CBFA56B747B6}"
EndProject
Project("{FAE04EC0-301F-11D3-BF4B-00C04F79EFBC}") = "PdmSolidWorksLibrary", "PdmSolidWorksLibrary\PdmSolidWorksLibrary.csproj", "{796CE95A-9827-4090-A509-039B84CB601F}"
EndProject
Project("{FAE04EC0-301F-11D3-BF4B-00C04F79EFBC}") = "ServiceConstants", "ServiceConstants\ServiceConstants.csproj", "{21A48C37-403D-4966-9414-6EA2327A204B}"
EndProject
Project("{2150E333-8FDC-42A3-9474-1A3956D46DE8}") = "SolidWorksService", "SolidWorksService", "{FF3FBB82-0E91-456E-AA1E-C5C53F72D2BA}"
EndProject
Global
	GlobalSection(SolutionConfigurationPlatforms) = preSolution
		Debug|Any CPU = Debug|Any CPU
		Release|Any CPU = Release|Any CPU
	EndGlobalSection
	GlobalSection(ProjectConfigurationPlatforms) = postSolution
		{72339207-CA2E-4581-BA9C-8E6A6A1052A6}.Debug|Any CPU.ActiveCfg = Debug|Any CPU
		{72339207-CA2E-4581-BA9C-8E6A6A1052A6}.Debug|Any CPU.Build.0 = Debug|Any CPU
		{72339207-CA2E-4581-BA9C-8E6A6A1052A6}.Release|Any CPU.ActiveCfg = Release|Any CPU
		{72339207-CA2E-4581-BA9C-8E6A6A1052A6}.Release|Any CPU.Build.0 = Release|Any CPU
		{D0ABF979-D32B-453D-92D5-F9BC7BDEC44E}.Debug|Any CPU.ActiveCfg = Debug|Any CPU
		{D0ABF979-D32B-453D-92D5-F9BC7BDEC44E}.Debug|Any CPU.Build.0 = Debug|Any CPU
		{D0ABF979-D32B-453D-92D5-F9BC7BDEC44E}.Release|Any CPU.ActiveCfg = Release|Any CPU
		{D0ABF979-D32B-453D-92D5-F9BC7BDEC44E}.Release|Any CPU.Build.0 = Release|Any CPU
		{DECC61E0-8D25-485F-99F4-D895177C7997}.Debug|Any CPU.ActiveCfg = Debug|Any CPU
		{DECC61E0-8D25-485F-99F4-D895177C7997}.Debug|Any CPU.Build.0 = Debug|Any CPU
		{DECC61E0-8D25-485F-99F4-D895177C7997}.Release|Any CPU.ActiveCfg = Release|Any CPU
		{DECC61E0-8D25-485F-99F4-D895177C7997}.Release|Any CPU.Build.0 = Release|Any CPU
		{E02B78CD-91F8-45C9-A3AE-535B3DDDDC82}.Debug|Any CPU.ActiveCfg = Debug|Any CPU
		{E02B78CD-91F8-45C9-A3AE-535B3DDDDC82}.Debug|Any CPU.Build.0 = Debug|Any CPU
		{E02B78CD-91F8-45C9-A3AE-535B3DDDDC82}.Release|Any CPU.ActiveCfg = Release|Any CPU
		{E02B78CD-91F8-45C9-A3AE-535B3DDDDC82}.Release|Any CPU.Build.0 = Release|Any CPU
		{44EACAB1-6578-4B6A-B743-28D9899A8DA4}.Debug|Any CPU.ActiveCfg = Debug|Any CPU
		{44EACAB1-6578-4B6A-B743-28D9899A8DA4}.Debug|Any CPU.Build.0 = Debug|Any CPU
		{44EACAB1-6578-4B6A-B743-28D9899A8DA4}.Release|Any CPU.ActiveCfg = Release|Any CPU
		{44EACAB1-6578-4B6A-B743-28D9899A8DA4}.Release|Any CPU.Build.0 = Release|Any CPU
		{6AC06B1C-66F2-40E5-9B11-CBFA56B747B6}.Debug|Any CPU.ActiveCfg = Debug|Any CPU
		{6AC06B1C-66F2-40E5-9B11-CBFA56B747B6}.Debug|Any CPU.Build.0 = Debug|Any CPU
		{6AC06B1C-66F2-40E5-9B11-CBFA56B747B6}.Release|Any CPU.ActiveCfg = Release|Any CPU
		{6AC06B1C-66F2-40E5-9B11-CBFA56B747B6}.Release|Any CPU.Build.0 = Release|Any CPU
		{796CE95A-9827-4090-A509-039B84CB601F}.Debug|Any CPU.ActiveCfg = Debug|Any CPU
		{796CE95A-9827-4090-A509-039B84CB601F}.Debug|Any CPU.Build.0 = Debug|Any CPU
		{796CE95A-9827-4090-A509-039B84CB601F}.Release|Any CPU.ActiveCfg = Release|Any CPU
		{796CE95A-9827-4090-A509-039B84CB601F}.Release|Any CPU.Build.0 = Release|Any CPU
		{21A48C37-403D-4966-9414-6EA2327A204B}.Debug|Any CPU.ActiveCfg = Debug|Any CPU
		{21A48C37-403D-4966-9414-6EA2327A204B}.Debug|Any CPU.Build.0 = Debug|Any CPU
		{21A48C37-403D-4966-9414-6EA2327A204B}.Release|Any CPU.ActiveCfg = Release|Any CPU
		{21A48C37-403D-4966-9414-6EA2327A204B}.Release|Any CPU.Build.0 = Release|Any CPU
	EndGlobalSection
	GlobalSection(SolutionProperties) = preSolution
		HideSolutionNode = FALSE
	EndGlobalSection
EndGlobal
